
Microsoft Visual Studio Solution File, Format Version 12.00
# Visual Studio Version 16
VisualStudioVersion = 16.0.30611.23
MinimumVisualStudioVersion = 10.0.40219.1
Project("{FAE04EC0-301F-11D3-BF4B-00C04F79EFBC}") = "MockingTests", "MockingTests\MockingTests.csproj", "{2AFDACA1-0885-4956-AD4A-8420B397F88B}"
EndProject
Project("{FAE04EC0-301F-11D3-BF4B-00C04F79EFBC}") = "TestableService", "TestableService\TestableService.csproj", "{45C5A38F-0252-42BB-ABF6-6A3013F247EF}"
EndProject
Project("{FAE04EC0-301F-11D3-BF4B-00C04F79EFBC}") = "TestableServiceTest", "TestableServiceTest\TestableServiceTest.csproj", "{3686A372-3A6D-4B67-AB6A-E2C15F3E19AA}"
EndProject
Global
	GlobalSection(SolutionConfigurationPlatforms) = preSolution
		Debug|Any CPU = Debug|Any CPU
		Release|Any CPU = Release|Any CPU
	EndGlobalSection
	GlobalSection(ProjectConfigurationPlatforms) = postSolution
		{2AFDACA1-0885-4956-AD4A-8420B397F88B}.Debug|Any CPU.ActiveCfg = Debug|Any CPU
		{2AFDACA1-0885-4956-AD4A-8420B397F88B}.Debug|Any CPU.Build.0 = Debug|Any CPU
		{2AFDACA1-0885-4956-AD4A-8420B397F88B}.Release|Any CPU.ActiveCfg = Release|Any CPU
		{2AFDACA1-0885-4956-AD4A-8420B397F88B}.Release|Any CPU.Build.0 = Release|Any CPU
		{45C5A38F-0252-42BB-ABF6-6A3013F247EF}.Debug|Any CPU.ActiveCfg = Debug|Any CPU
		{45C5A38F-0252-42BB-ABF6-6A3013F247EF}.Debug|Any CPU.Build.0 = Debug|Any CPU
		{45C5A38F-0252-42BB-ABF6-6A3013F247EF}.Release|Any CPU.ActiveCfg = Release|Any CPU
		{45C5A38F-0252-42BB-ABF6-6A3013F247EF}.Release|Any CPU.Build.0 = Release|Any CPU
		{3686A372-3A6D-4B67-AB6A-E2C15F3E19AA}.Debug|Any CPU.ActiveCfg = Debug|Any CPU
		{3686A372-3A6D-4B67-AB6A-E2C15F3E19AA}.Debug|Any CPU.Build.0 = Debug|Any CPU
		{3686A372-3A6D-4B67-AB6A-E2C15F3E19AA}.Release|Any CPU.ActiveCfg = Release|Any CPU
		{3686A372-3A6D-4B67-AB6A-E2C15F3E19AA}.Release|Any CPU.Build.0 = Release|Any CPU
	EndGlobalSection
	GlobalSection(SolutionProperties) = preSolution
		HideSolutionNode = FALSE
	EndGlobalSection
	GlobalSection(ExtensibilityGlobals) = postSolution
		SolutionGuid = {849C2566-978E-4311-96E2-0CA52520873C}
	EndGlobalSection
EndGlobal
